
Microsoft Visual Studio Solution File, Format Version 12.00
# Visual Studio Version 16
VisualStudioVersion = 16.0.29519.87
MinimumVisualStudioVersion = 10.0.40219.1
Project("{FAE04EC0-301F-11D3-BF4B-00C04F79EFBC}") = "Simple Calculator (Lamparas)", "Simple Calculator (Lamparas)\Simple Calculator (Lamparas).csproj", "{D4FBB178-C4E1-4752-979F-50570F5A42B8}"
EndProject
Global
	GlobalSection(SolutionConfigurationPlatforms) = preSolution
		Debug|Any CPU = Debug|Any CPU
		Release|Any CPU = Release|Any CPU
	EndGlobalSection
	GlobalSection(ProjectConfigurationPlatforms) = postSolution
		{D4FBB178-C4E1-4752-979F-50570F5A42B8}.Debug|Any CPU.ActiveCfg = Debug|Any CPU
		{D4FBB178-C4E1-4752-979F-50570F5A42B8}.Debug|Any CPU.Build.0 = Debug|Any CPU
		{D4FBB178-C4E1-4752-979F-50570F5A42B8}.Release|Any CPU.ActiveCfg = Release|Any CPU
		{D4FBB178-C4E1-4752-979F-50570F5A42B8}.Release|Any CPU.Build.0 = Release|Any CPU
	EndGlobalSection
	GlobalSection(SolutionProperties) = preSolution
		HideSolutionNode = FALSE
	EndGlobalSection
	GlobalSection(ExtensibilityGlobals) = postSolution
		SolutionGuid = {884AC192-4AE8-4BB0-8086-090455B0A87B}
	EndGlobalSection
EndGlobal
